
Microsoft Visual Studio Solution File, Format Version 12.00
# Visual Studio Version 17
VisualStudioVersion = 17.11.35219.272
MinimumVisualStudioVersion = 10.0.40219.1
Project("{FAE04EC0-301F-11D3-BF4B-00C04F79EFBC}") = "APIPeliculas", "APIPeliculas\APIPeliculas.csproj", "{B738AB77-5C1F-4532-95A4-2BCF6E62EDB9}"
EndProject
Global
	GlobalSection(SolutionConfigurationPlatforms) = preSolution
		Debug|Any CPU = Debug|Any CPU
		Release|Any CPU = Release|Any CPU
	EndGlobalSection
	GlobalSection(ProjectConfigurationPlatforms) = postSolution
		{B738AB77-5C1F-4532-95A4-2BCF6E62EDB9}.Debug|Any CPU.ActiveCfg = Debug|Any CPU
		{B738AB77-5C1F-4532-95A4-2BCF6E62EDB9}.Debug|Any CPU.Build.0 = Debug|Any CPU
		{B738AB77-5C1F-4532-95A4-2BCF6E62EDB9}.Release|Any CPU.ActiveCfg = Release|Any CPU
		{B738AB77-5C1F-4532-95A4-2BCF6E62EDB9}.Release|Any CPU.Build.0 = Release|Any CPU
	EndGlobalSection
	GlobalSection(SolutionProperties) = preSolution
		HideSolutionNode = FALSE
	EndGlobalSection
	GlobalSection(ExtensibilityGlobals) = postSolution
		SolutionGuid = {ADB2C676-D47B-45CF-A773-930FF0AAADAF}
	EndGlobalSection
EndGlobal
